
Microsoft Visual Studio Solution File, Format Version 12.00
# Visual Studio Version 16
VisualStudioVersion = 16.0.30907.101
MinimumVisualStudioVersion = 10.0.40219.1
Project("{FAE04EC0-301F-11D3-BF4B-00C04F79EFBC}") = "webpush-notifications-api", "webpush-notifications-api\webpush-notifications-api.csproj", "{BDC1C213-504F-4C5B-B7EF-AE873FFA6619}"
EndProject
Global
	GlobalSection(SolutionConfigurationPlatforms) = preSolution
		Debug|Any CPU = Debug|Any CPU
		Release|Any CPU = Release|Any CPU
	EndGlobalSection
	GlobalSection(ProjectConfigurationPlatforms) = postSolution
		{BDC1C213-504F-4C5B-B7EF-AE873FFA6619}.Debug|Any CPU.ActiveCfg = Debug|Any CPU
		{BDC1C213-504F-4C5B-B7EF-AE873FFA6619}.Debug|Any CPU.Build.0 = Debug|Any CPU
		{BDC1C213-504F-4C5B-B7EF-AE873FFA6619}.Release|Any CPU.ActiveCfg = Release|Any CPU
		{BDC1C213-504F-4C5B-B7EF-AE873FFA6619}.Release|Any CPU.Build.0 = Release|Any CPU
	EndGlobalSection
	GlobalSection(SolutionProperties) = preSolution
		HideSolutionNode = FALSE
	EndGlobalSection
	GlobalSection(ExtensibilityGlobals) = postSolution
		SolutionGuid = {328FD250-E247-4081-A171-E3CD4E73076E}
	EndGlobalSection
EndGlobal
